
Microsoft Visual Studio Solution File, Format Version 12.00
# Visual Studio Version 16
VisualStudioVersion = 16.0.31515.178
MinimumVisualStudioVersion = 10.0.40219.1
Project("{F184B08F-C81C-45F6-A57F-5ABD9991F28F}") = "DriftR", "DriftR.vbproj", "{8E30FB72-424A-408A-8BAF-E5CE95182AEC}"
EndProject
Project("{F184B08F-C81C-45F6-A57F-5ABD9991F28F}") = "DriftRunOff", "..\DriftRunOff\DriftRunOff.vbproj", "{C2609C9B-FCDF-4758-8C51-4DDDCB81A2E7}"
EndProject
Global
	GlobalSection(SolutionConfigurationPlatforms) = preSolution
		Debug|Any CPU = Debug|Any CPU
		Release|Any CPU = Release|Any CPU
	EndGlobalSection
	GlobalSection(ProjectConfigurationPlatforms) = postSolution
		{8E30FB72-424A-408A-8BAF-E5CE95182AEC}.Debug|Any CPU.ActiveCfg = Debug|Any CPU
		{8E30FB72-424A-408A-8BAF-E5CE95182AEC}.Debug|Any CPU.Build.0 = Debug|Any CPU
		{8E30FB72-424A-408A-8BAF-E5CE95182AEC}.Release|Any CPU.ActiveCfg = Release|Any CPU
		{8E30FB72-424A-408A-8BAF-E5CE95182AEC}.Release|Any CPU.Build.0 = Release|Any CPU
		{C2609C9B-FCDF-4758-8C51-4DDDCB81A2E7}.Debug|Any CPU.ActiveCfg = Debug|Any CPU
		{C2609C9B-FCDF-4758-8C51-4DDDCB81A2E7}.Debug|Any CPU.Build.0 = Debug|Any CPU
		{C2609C9B-FCDF-4758-8C51-4DDDCB81A2E7}.Release|Any CPU.ActiveCfg = Release|Any CPU
		{C2609C9B-FCDF-4758-8C51-4DDDCB81A2E7}.Release|Any CPU.Build.0 = Release|Any CPU
	EndGlobalSection
	GlobalSection(SolutionProperties) = preSolution
		HideSolutionNode = FALSE
	EndGlobalSection
	GlobalSection(ExtensibilityGlobals) = postSolution
		SolutionGuid = {62351B53-2AE0-4703-9C32-7F45B607DBB0}
	EndGlobalSection
EndGlobal
